
Microsoft Visual Studio Solution File, Format Version 12.00
# Visual Studio Version 17
VisualStudioVersion = 17.7.34018.315
MinimumVisualStudioVersion = 10.0.40219.1
Project("{FAE04EC0-301F-11D3-BF4B-00C04F79EFBC}") = "Inlämningsuppgifterkapitel6._8", "Inlämningsuppgifterkapitel6._8.csproj", "{91EFA9D0-1E1F-4FCD-82DA-C883484F9709}"
EndProject
Global
	GlobalSection(SolutionConfigurationPlatforms) = preSolution
		Debug|Any CPU = Debug|Any CPU
		Release|Any CPU = Release|Any CPU
	EndGlobalSection
	GlobalSection(ProjectConfigurationPlatforms) = postSolution
		{91EFA9D0-1E1F-4FCD-82DA-C883484F9709}.Debug|Any CPU.ActiveCfg = Debug|Any CPU
		{91EFA9D0-1E1F-4FCD-82DA-C883484F9709}.Debug|Any CPU.Build.0 = Debug|Any CPU
		{91EFA9D0-1E1F-4FCD-82DA-C883484F9709}.Release|Any CPU.ActiveCfg = Release|Any CPU
		{91EFA9D0-1E1F-4FCD-82DA-C883484F9709}.Release|Any CPU.Build.0 = Release|Any CPU
	EndGlobalSection
	GlobalSection(SolutionProperties) = preSolution
		HideSolutionNode = FALSE
	EndGlobalSection
	GlobalSection(ExtensibilityGlobals) = postSolution
		SolutionGuid = {D1648BDB-6E36-400D-8867-69A7FDC1B523}
	EndGlobalSection
EndGlobal
